// !$*UTF8*$!
{
	archiveVersion = 1;
	classes = {
	};
	objectVersion = 55;
	objects = {

/* Begin PBXBuildFile section */
		132E64BB2826D6020066DE18 /* LocalFileManager.swift in Sources */ = {isa = PBXBuildFile; fileRef = 132E64BA2826D6020066DE18 /* LocalFileManager.swift */; };
		132E64BE28275F340066DE18 /* SearchBarView.swift in Sources */ = {isa = PBXBuildFile; fileRef = 132E64BD28275F340066DE18 /* SearchBarView.swift */; };
		132E64C02827B3C00066DE18 /* StatisticModel.swift in Sources */ = {isa = PBXBuildFile; fileRef = 132E64BF2827B3C00066DE18 /* StatisticModel.swift */; };
		132E64C32827B4C10066DE18 /* StatisticView.swift in Sources */ = {isa = PBXBuildFile; fileRef = 132E64C22827B4C10066DE18 /* StatisticView.swift */; };
		134762A1282122E7002B9082 /* CryptoTrackerApp.swift in Sources */ = {isa = PBXBuildFile; fileRef = 134762A0282122E7002B9082 /* CryptoTrackerApp.swift */; };
		134762A5282122E8002B9082 /* Assets.xcassets in Resources */ = {isa = PBXBuildFile; fileRef = 134762A4282122E8002B9082 /* Assets.xcassets */; };
		134762A8282122E8002B9082 /* Preview Assets.xcassets in Resources */ = {isa = PBXBuildFile; fileRef = 134762A7282122E8002B9082 /* Preview Assets.xcassets */; };
		134762B528212365002B9082 /* Date.swift in Sources */ = {isa = PBXBuildFile; fileRef = 134762AF28212365002B9082 /* Date.swift */; };
		134762B628212365002B9082 /* PreviewProvider.swift in Sources */ = {isa = PBXBuildFile; fileRef = 134762B028212365002B9082 /* PreviewProvider.swift */; };
		134762B728212365002B9082 /* String.swift in Sources */ = {isa = PBXBuildFile; fileRef = 134762B128212365002B9082 /* String.swift */; };
		134762B828212365002B9082 /* Double.swift in Sources */ = {isa = PBXBuildFile; fileRef = 134762B228212365002B9082 /* Double.swift */; };
		134762B928212365002B9082 /* UIApplication.swift in Sources */ = {isa = PBXBuildFile; fileRef = 134762B328212365002B9082 /* UIApplication.swift */; };
		134762BA28212365002B9082 /* Color.swift in Sources */ = {isa = PBXBuildFile; fileRef = 134762B428212365002B9082 /* Color.swift */; };
		134762C12821263D002B9082 /* HomeView.swift in Sources */ = {isa = PBXBuildFile; fileRef = 134762C02821263D002B9082 /* HomeView.swift */; };
		134762C428212866002B9082 /* CircleButtonView.swift in Sources */ = {isa = PBXBuildFile; fileRef = 134762C328212866002B9082 /* CircleButtonView.swift */; };
		134762C628212C0D002B9082 /* CircleButtonAnimationView.swift in Sources */ = {isa = PBXBuildFile; fileRef = 134762C528212C0D002B9082 /* CircleButtonAnimationView.swift */; };
		134762CC28213916002B9082 /* CoinModel.swift in Sources */ = {isa = PBXBuildFile; fileRef = 134762CB28213916002B9082 /* CoinModel.swift */; };
		134762CE28216EB6002B9082 /* CoinRowView.swift in Sources */ = {isa = PBXBuildFile; fileRef = 134762CD28216EB6002B9082 /* CoinRowView.swift */; };
		134762D028227595002B9082 /* HomeViewModel.swift in Sources */ = {isa = PBXBuildFile; fileRef = 134762CF28227595002B9082 /* HomeViewModel.swift */; };
		134762D32822AE76002B9082 /* CoinDataService.swift in Sources */ = {isa = PBXBuildFile; fileRef = 134762D22822AE76002B9082 /* CoinDataService.swift */; };
		134762D62823D8AC002B9082 /* NetworkingManager.swift in Sources */ = {isa = PBXBuildFile; fileRef = 134762D52823D8AC002B9082 /* NetworkingManager.swift */; };
		134762D92825166D002B9082 /* CoinImageView.swift in Sources */ = {isa = PBXBuildFile; fileRef = 134762D82825166D002B9082 /* CoinImageView.swift */; };
		134762DB28251C0F002B9082 /* CoinImageService.swift in Sources */ = {isa = PBXBuildFile; fileRef = 134762DA28251C0F002B9082 /* CoinImageService.swift */; };
		134762DD28251D21002B9082 /* CoinImageViewModel.swift in Sources */ = {isa = PBXBuildFile; fileRef = 134762DC28251D21002B9082 /* CoinImageViewModel.swift */; };
		1355E1482827B95900436A9A /* HomeStatsView.swift in Sources */ = {isa = PBXBuildFile; fileRef = 1355E1472827B95900436A9A /* HomeStatsView.swift */; };
		1355E14A2827BBF000436A9A /* MarketDataModel.swift in Sources */ = {isa = PBXBuildFile; fileRef = 1355E1492827BBF000436A9A /* MarketDataModel.swift */; };
		1355E14C2827BE8F00436A9A /* MarketDataService.swift in Sources */ = {isa = PBXBuildFile; fileRef = 1355E14B2827BE8F00436A9A /* MarketDataService.swift */; };
		1355E14E2827F00F00436A9A /* PortfolioView.swift in Sources */ = {isa = PBXBuildFile; fileRef = 1355E14D2827F00F00436A9A /* PortfolioView.swift */; };
		1355E1502827F29100436A9A /* XMarkButton.swift in Sources */ = {isa = PBXBuildFile; fileRef = 1355E14F2827F29100436A9A /* XMarkButton.swift */; };
		138632192827F938000EECAF /* CoinLogoView.swift in Sources */ = {isa = PBXBuildFile; fileRef = 138632182827F938000EECAF /* CoinLogoView.swift */; };
/* End PBXBuildFile section */

/* Begin PBXFileReference section */
		132E64BA2826D6020066DE18 /* LocalFileManager.swift */ = {isa = PBXFileReference; lastKnownFileType = sourcecode.swift; path = LocalFileManager.swift; sourceTree = "<group>"; };
		132E64BD28275F340066DE18 /* SearchBarView.swift */ = {isa = PBXFileReference; lastKnownFileType = sourcecode.swift; path = SearchBarView.swift; sourceTree = "<group>"; };
		132E64BF2827B3C00066DE18 /* StatisticModel.swift */ = {isa = PBXFileReference; lastKnownFileType = sourcecode.swift; path = StatisticModel.swift; sourceTree = "<group>"; };
		132E64C22827B4C10066DE18 /* StatisticView.swift */ = {isa = PBXFileReference; lastKnownFileType = sourcecode.swift; path = StatisticView.swift; sourceTree = "<group>"; };
		1347629D282122E7002B9082 /* CryptoTracker.app */ = {isa = PBXFileReference; explicitFileType = wrapper.application; includeInIndex = 0; path = CryptoTracker.app; sourceTree = BUILT_PRODUCTS_DIR; };
		134762A0282122E7002B9082 /* CryptoTrackerApp.swift */ = {isa = PBXFileReference; lastKnownFileType = sourcecode.swift; path = CryptoTrackerApp.swift; sourceTree = "<group>"; };
		134762A4282122E8002B9082 /* Assets.xcassets */ = {isa = PBXFileReference; lastKnownFileType = folder.assetcatalog; path = Assets.xcassets; sourceTree = "<group>"; };
		134762A7282122E8002B9082 /* Preview Assets.xcassets */ = {isa = PBXFileReference; lastKnownFileType = folder.assetcatalog; path = "Preview Assets.xcassets"; sourceTree = "<group>"; };
		134762AF28212365002B9082 /* Date.swift */ = {isa = PBXFileReference; fileEncoding = 4; lastKnownFileType = sourcecode.swift; path = Date.swift; sourceTree = "<group>"; };
		134762B028212365002B9082 /* PreviewProvider.swift */ = {isa = PBXFileReference; fileEncoding = 4; lastKnownFileType = sourcecode.swift; path = PreviewProvider.swift; sourceTree = "<group>"; };
		134762B128212365002B9082 /* String.swift */ = {isa = PBXFileReference; fileEncoding = 4; lastKnownFileType = sourcecode.swift; path = String.swift; sourceTree = "<group>"; };
		134762B228212365002B9082 /* Double.swift */ = {isa = PBXFileReference; fileEncoding = 4; lastKnownFileType = sourcecode.swift; path = Double.swift; sourceTree = "<group>"; };
		134762B328212365002B9082 /* UIApplication.swift */ = {isa = PBXFileReference; fileEncoding = 4; lastKnownFileType = sourcecode.swift; path = UIApplication.swift; sourceTree = "<group>"; };
		134762B428212365002B9082 /* Color.swift */ = {isa = PBXFileReference; fileEncoding = 4; lastKnownFileType = sourcecode.swift; path = Color.swift; sourceTree = "<group>"; };
		134762C02821263D002B9082 /* HomeView.swift */ = {isa = PBXFileReference; lastKnownFileType = sourcecode.swift; path = HomeView.swift; sourceTree = "<group>"; };
		134762C328212866002B9082 /* CircleButtonView.swift */ = {isa = PBXFileReference; lastKnownFileType = sourcecode.swift; path = CircleButtonView.swift; sourceTree = "<group>"; };
		134762C528212C0D002B9082 /* CircleButtonAnimationView.swift */ = {isa = PBXFileReference; lastKnownFileType = sourcecode.swift; path = CircleButtonAnimationView.swift; sourceTree = "<group>"; };
		134762CB28213916002B9082 /* CoinModel.swift */ = {isa = PBXFileReference; lastKnownFileType = sourcecode.swift; path = CoinModel.swift; sourceTree = "<group>"; };
		134762CD28216EB6002B9082 /* CoinRowView.swift */ = {isa = PBXFileReference; lastKnownFileType = sourcecode.swift; path = CoinRowView.swift; sourceTree = "<group>"; };
		134762CF28227595002B9082 /* HomeViewModel.swift */ = {isa = PBXFileReference; lastKnownFileType = sourcecode.swift; path = HomeViewModel.swift; sourceTree = "<group>"; };
		134762D22822AE76002B9082 /* CoinDataService.swift */ = {isa = PBXFileReference; lastKnownFileType = sourcecode.swift; path = CoinDataService.swift; sourceTree = "<group>"; };
		134762D52823D8AC002B9082 /* NetworkingManager.swift */ = {isa = PBXFileReference; lastKnownFileType = sourcecode.swift; path = NetworkingManager.swift; sourceTree = "<group>"; };
		134762D82825166D002B9082 /* CoinImageView.swift */ = {isa = PBXFileReference; lastKnownFileType = sourcecode.swift; path = CoinImageView.swift; sourceTree = "<group>"; };
		134762DA28251C0F002B9082 /* CoinImageService.swift */ = {isa = PBXFileReference; lastKnownFileType = sourcecode.swift; path = CoinImageService.swift; sourceTree = "<group>"; };
		134762DC28251D21002B9082 /* CoinImageViewModel.swift */ = {isa = PBXFileReference; lastKnownFileType = sourcecode.swift; path = CoinImageViewModel.swift; sourceTree = "<group>"; };
		1355E1472827B95900436A9A /* HomeStatsView.swift */ = {isa = PBXFileReference; lastKnownFileType = sourcecode.swift; path = HomeStatsView.swift; sourceTree = "<group>"; };
		1355E1492827BBF000436A9A /* MarketDataModel.swift */ = {isa = PBXFileReference; lastKnownFileType = sourcecode.swift; path = MarketDataModel.swift; sourceTree = "<group>"; };
		1355E14B2827BE8F00436A9A /* MarketDataService.swift */ = {isa = PBXFileReference; lastKnownFileType = sourcecode.swift; path = MarketDataService.swift; sourceTree = "<group>"; };
		1355E14D2827F00F00436A9A /* PortfolioView.swift */ = {isa = PBXFileReference; lastKnownFileType = sourcecode.swift; path = PortfolioView.swift; sourceTree = "<group>"; };
		1355E14F2827F29100436A9A /* XMarkButton.swift */ = {isa = PBXFileReference; lastKnownFileType = sourcecode.swift; path = XMarkButton.swift; sourceTree = "<group>"; };
		138632182827F938000EECAF /* CoinLogoView.swift */ = {isa = PBXFileReference; lastKnownFileType = sourcecode.swift; path = CoinLogoView.swift; sourceTree = "<group>"; };
/* End PBXFileReference section */

/* Begin PBXFrameworksBuildPhase section */
		1347629A282122E7002B9082 /* Frameworks */ = {
			isa = PBXFrameworksBuildPhase;
			buildActionMask = 2147483647;
			files = (
			);
			runOnlyForDeploymentPostprocessing = 0;
		};
/* End PBXFrameworksBuildPhase section */

/* Begin PBXGroup section */
		13476294282122E6002B9082 = {
			isa = PBXGroup;
			children = (
				1347629F282122E7002B9082 /* CryptoTracker */,
				1347629E282122E7002B9082 /* Products */,
			);
			sourceTree = "<group>";
		};
		1347629E282122E7002B9082 /* Products */ = {
			isa = PBXGroup;
			children = (
				1347629D282122E7002B9082 /* CryptoTracker.app */,
			);
			name = Products;
			sourceTree = "<group>";
		};
		1347629F282122E7002B9082 /* CryptoTracker */ = {
			isa = PBXGroup;
			children = (
				134762A0282122E7002B9082 /* CryptoTrackerApp.swift */,
				134762D42823D85F002B9082 /* Utilities */,
				134762AE28212365002B9082 /* Extensions */,
				134762D12822AE65002B9082 /* Service */,
				134762C828213788002B9082 /* Models */,
				134762BB28212604002B9082 /* Core */,
				134762A4282122E8002B9082 /* Assets.xcassets */,
				134762A6282122E8002B9082 /* Preview Content */,
			);
			path = CryptoTracker;
			sourceTree = "<group>";
		};
		134762A6282122E8002B9082 /* Preview Content */ = {
			isa = PBXGroup;
			children = (
				134762A7282122E8002B9082 /* Preview Assets.xcassets */,
			);
			path = "Preview Content";
			sourceTree = "<group>";
		};
		134762AE28212365002B9082 /* Extensions */ = {
			isa = PBXGroup;
			children = (
				134762AF28212365002B9082 /* Date.swift */,
				134762B028212365002B9082 /* PreviewProvider.swift */,
				134762B128212365002B9082 /* String.swift */,
				134762B228212365002B9082 /* Double.swift */,
				134762B328212365002B9082 /* UIApplication.swift */,
				134762B428212365002B9082 /* Color.swift */,
			);
			path = Extensions;
			sourceTree = "<group>";
		};
		134762BB28212604002B9082 /* Core */ = {
			isa = PBXGroup;
			children = (
				134762BC28212617002B9082 /* Components */,
				134762BD28212623002B9082 /* Home */,
			);
			path = Core;
			sourceTree = "<group>";
		};
		134762BC28212617002B9082 /* Components */ = {
			isa = PBXGroup;
			children = (
				134762D728251651002B9082 /* CoinImage */,
				134762C228212858002B9082 /* CircleButton */,
				132E64BD28275F340066DE18 /* SearchBarView.swift */,
				132E64C22827B4C10066DE18 /* StatisticView.swift */,
				1355E14F2827F29100436A9A /* XMarkButton.swift */,
			);
			path = Components;
			sourceTree = "<group>";
		};
		134762BD28212623002B9082 /* Home */ = {
			isa = PBXGroup;
			children = (
				134762C7282136A1002B9082 /* ViewModels */,
				134762BE2821262C002B9082 /* Views */,
			);
			path = Home;
			sourceTree = "<group>";
		};
		134762BE2821262C002B9082 /* Views */ = {
			isa = PBXGroup;
			children = (
				134762C02821263D002B9082 /* HomeView.swift */,
				1355E1472827B95900436A9A /* HomeStatsView.swift */,
				134762CD28216EB6002B9082 /* CoinRowView.swift */,
				1355E14D2827F00F00436A9A /* PortfolioView.swift */,
			);
			path = Views;
			sourceTree = "<group>";
		};
		134762C228212858002B9082 /* CircleButton */ = {
			isa = PBXGroup;
			children = (
				134762C328212866002B9082 /* CircleButtonView.swift */,
				134762C528212C0D002B9082 /* CircleButtonAnimationView.swift */,
			);
			path = CircleButton;
			sourceTree = "<group>";
		};
		134762C7282136A1002B9082 /* ViewModels */ = {
			isa = PBXGroup;
			children = (
				134762CF28227595002B9082 /* HomeViewModel.swift */,
			);
			path = ViewModels;
			sourceTree = "<group>";
		};
		134762C828213788002B9082 /* Models */ = {
			isa = PBXGroup;
			children = (
				134762CB28213916002B9082 /* CoinModel.swift */,
				132E64BF2827B3C00066DE18 /* StatisticModel.swift */,
				1355E1492827BBF000436A9A /* MarketDataModel.swift */,
			);
			path = Models;
			sourceTree = "<group>";
		};
		134762D12822AE65002B9082 /* Service */ = {
			isa = PBXGroup;
			children = (
				134762D22822AE76002B9082 /* CoinDataService.swift */,
				134762DA28251C0F002B9082 /* CoinImageService.swift */,
				1355E14B2827BE8F00436A9A /* MarketDataService.swift */,
			);
			path = Service;
			sourceTree = "<group>";
		};
		134762D42823D85F002B9082 /* Utilities */ = {
			isa = PBXGroup;
			children = (
				134762D52823D8AC002B9082 /* NetworkingManager.swift */,
				132E64BA2826D6020066DE18 /* LocalFileManager.swift */,
			);
			path = Utilities;
			sourceTree = "<group>";
		};
		134762D728251651002B9082 /* CoinImage */ = {
			isa = PBXGroup;
			children = (
				134762D82825166D002B9082 /* CoinImageView.swift */,
				134762DC28251D21002B9082 /* CoinImageViewModel.swift */,
				138632182827F938000EECAF /* CoinLogoView.swift */,
			);
			path = CoinImage;
			sourceTree = "<group>";
		};
/* End PBXGroup section */

/* Begin PBXNativeTarget section */
		1347629C282122E7002B9082 /* CryptoTracker */ = {
			isa = PBXNativeTarget;
			buildConfigurationList = 134762AB282122E8002B9082 /* Build configuration list for PBXNativeTarget "CryptoTracker" */;
			buildPhases = (
				13476299282122E7002B9082 /* Sources */,
				1347629A282122E7002B9082 /* Frameworks */,
				1347629B282122E7002B9082 /* Resources */,
			);
			buildRules = (
			);
			dependencies = (
			);
			name = CryptoTracker;
			productName = CryptoTracker;
			productReference = 1347629D282122E7002B9082 /* CryptoTracker.app */;
			productType = "com.apple.product-type.application";
		};
/* End PBXNativeTarget section */

/* Begin PBXProject section */
		13476295282122E6002B9082 /* Project object */ = {
			isa = PBXProject;
			attributes = {
				BuildIndependentTargetsInParallel = 1;
				LastSwiftUpdateCheck = 1320;
				LastUpgradeCheck = 1320;
				TargetAttributes = {
					1347629C282122E7002B9082 = {
						CreatedOnToolsVersion = 13.2.1;
					};
				};
			};
			buildConfigurationList = 13476298282122E6002B9082 /* Build configuration list for PBXProject "CryptoTracker" */;
			compatibilityVersion = "Xcode 13.0";
			developmentRegion = en;
			hasScannedForEncodings = 0;
			knownRegions = (
				en,
				Base,
			);
			mainGroup = 13476294282122E6002B9082;
			productRefGroup = 1347629E282122E7002B9082 /* Products */;
			projectDirPath = "";
			projectRoot = "";
			targets = (
				1347629C282122E7002B9082 /* CryptoTracker */,
			);
		};
/* End PBXProject section */

/* Begin PBXResourcesBuildPhase section */
		1347629B282122E7002B9082 /* Resources */ = {
			isa = PBXResourcesBuildPhase;
			buildActionMask = 2147483647;
			files = (
				134762A8282122E8002B9082 /* Preview Assets.xcassets in Resources */,
				134762A5282122E8002B9082 /* Assets.xcassets in Resources */,
			);
			runOnlyForDeploymentPostprocessing = 0;
		};
/* End PBXResourcesBuildPhase section */

/* Begin PBXSourcesBuildPhase section */
		13476299282122E7002B9082 /* Sources */ = {
			isa = PBXSourcesBuildPhase;
			buildActionMask = 2147483647;
			files = (
				132E64BE28275F340066DE18 /* SearchBarView.swift in Sources */,
				132E64C02827B3C00066DE18 /* StatisticModel.swift in Sources */,
				134762CE28216EB6002B9082 /* CoinRowView.swift in Sources */,
				134762C12821263D002B9082 /* HomeView.swift in Sources */,
				134762D32822AE76002B9082 /* CoinDataService.swift in Sources */,
				1355E14C2827BE8F00436A9A /* MarketDataService.swift in Sources */,
				138632192827F938000EECAF /* CoinLogoView.swift in Sources */,
				134762D62823D8AC002B9082 /* NetworkingManager.swift in Sources */,
				134762B928212365002B9082 /* UIApplication.swift in Sources */,
				1355E14A2827BBF000436A9A /* MarketDataModel.swift in Sources */,
				134762D92825166D002B9082 /* CoinImageView.swift in Sources */,
				132E64BB2826D6020066DE18 /* LocalFileManager.swift in Sources */,
				132E64C32827B4C10066DE18 /* StatisticView.swift in Sources */,
				134762B628212365002B9082 /* PreviewProvider.swift in Sources */,
				134762DB28251C0F002B9082 /* CoinImageService.swift in Sources */,
				1355E1502827F29100436A9A /* XMarkButton.swift in Sources */,
				134762B728212365002B9082 /* String.swift in Sources */,
				1355E1482827B95900436A9A /* HomeStatsView.swift in Sources */,
				134762DD28251D21002B9082 /* CoinImageViewModel.swift in Sources */,
				134762CC28213916002B9082 /* CoinModel.swift in Sources */,
				134762B528212365002B9082 /* Date.swift in Sources */,
				134762BA28212365002B9082 /* Color.swift in Sources */,
				134762D028227595002B9082 /* HomeViewModel.swift in Sources */,
				134762C428212866002B9082 /* CircleButtonView.swift in Sources */,
				134762C628212C0D002B9082 /* CircleButtonAnimationView.swift in Sources */,
				134762B828212365002B9082 /* Double.swift in Sources */,
				134762A1282122E7002B9082 /* CryptoTrackerApp.swift in Sources */,
				1355E14E2827F00F00436A9A /* PortfolioView.swift in Sources */,
			);
			runOnlyForDeploymentPostprocessing = 0;
		};
/* End PBXSourcesBuildPhase section */

/* Begin XCBuildConfiguration section */
		134762A9282122E8002B9082 /* Debug */ = {
			isa = XCBuildConfiguration;
			buildSettings = {
				ALWAYS_SEARCH_USER_PATHS = NO;
				CLANG_ANALYZER_NONNULL = YES;
				CLANG_ANALYZER_NUMBER_OBJECT_CONVERSION = YES_AGGRESSIVE;
				CLANG_CXX_LANGUAGE_STANDARD = "gnu++17";
				CLANG_CXX_LIBRARY = "libc++";
				CLANG_ENABLE_MODULES = YES;
				CLANG_ENABLE_OBJC_ARC = YES;
				CLANG_ENABLE_OBJC_WEAK = YES;
				CLANG_WARN_BLOCK_CAPTURE_AUTORELEASING = YES;
				CLANG_WARN_BOOL_CONVERSION = YES;
				CLANG_WARN_COMMA = YES;
				CLANG_WARN_CONSTANT_CONVERSION = YES;
				CLANG_WARN_DEPRECATED_OBJC_IMPLEMENTATIONS = YES;
				CLANG_WARN_DIRECT_OBJC_ISA_USAGE = YES_ERROR;
				CLANG_WARN_DOCUMENTATION_COMMENTS = YES;
				CLANG_WARN_EMPTY_BODY = YES;
				CLANG_WARN_ENUM_CONVERSION = YES;
				CLANG_WARN_INFINITE_RECURSION = YES;
				CLANG_WARN_INT_CONVERSION = YES;
				CLANG_WARN_NON_LITERAL_NULL_CONVERSION = YES;
				CLANG_WARN_OBJC_IMPLICIT_RETAIN_SELF = YES;
				CLANG_WARN_OBJC_LITERAL_CONVERSION = YES;
				CLANG_WARN_OBJC_ROOT_CLASS = YES_ERROR;
				CLANG_WARN_QUOTED_INCLUDE_IN_FRAMEWORK_HEADER = YES;
				CLANG_WARN_RANGE_LOOP_ANALYSIS = YES;
				CLANG_WARN_STRICT_PROTOTYPES = YES;
				CLANG_WARN_SUSPICIOUS_MOVE = YES;
				CLANG_WARN_UNGUARDED_AVAILABILITY = YES_AGGRESSIVE;
				CLANG_WARN_UNREACHABLE_CODE = YES;
				CLANG_WARN__DUPLICATE_METHOD_MATCH = YES;
				COPY_PHASE_STRIP = NO;
				DEBUG_INFORMATION_FORMAT = dwarf;
				ENABLE_STRICT_OBJC_MSGSEND = YES;
				ENABLE_TESTABILITY = YES;
				GCC_C_LANGUAGE_STANDARD = gnu11;
				GCC_DYNAMIC_NO_PIC = NO;
				GCC_NO_COMMON_BLOCKS = YES;
				GCC_OPTIMIZATION_LEVEL = 0;
				GCC_PREPROCESSOR_DEFINITIONS = (
					"DEBUG=1",
					"$(inherited)",
				);
				GCC_WARN_64_TO_32_BIT_CONVERSION = YES;
				GCC_WARN_ABOUT_RETURN_TYPE = YES_ERROR;
				GCC_WARN_UNDECLARED_SELECTOR = YES;
				GCC_WARN_UNINITIALIZED_AUTOS = YES_AGGRESSIVE;
				GCC_WARN_UNUSED_FUNCTION = YES;
				GCC_WARN_UNUSED_VARIABLE = YES;
				IPHONEOS_DEPLOYMENT_TARGET = 15.2;
				MTL_ENABLE_DEBUG_INFO = INCLUDE_SOURCE;
				MTL_FAST_MATH = YES;
				ONLY_ACTIVE_ARCH = YES;
				SDKROOT = iphoneos;
				SWIFT_ACTIVE_COMPILATION_CONDITIONS = DEBUG;
				SWIFT_OPTIMIZATION_LEVEL = "-Onone";
			};
			name = Debug;
		};
		134762AA282122E8002B9082 /* Release */ = {
			isa = XCBuildConfiguration;
			buildSettings = {
				ALWAYS_SEARCH_USER_PATHS = NO;
				CLANG_ANALYZER_NONNULL = YES;
				CLANG_ANALYZER_NUMBER_OBJECT_CONVERSION = YES_AGGRESSIVE;
				CLANG_CXX_LANGUAGE_STANDARD = "gnu++17";
				CLANG_CXX_LIBRARY = "libc++";
				CLANG_ENABLE_MODULES = YES;
				CLANG_ENABLE_OBJC_ARC = YES;
				CLANG_ENABLE_OBJC_WEAK = YES;
				CLANG_WARN_BLOCK_CAPTURE_AUTORELEASING = YES;
				CLANG_WARN_BOOL_CONVERSION = YES;
				CLANG_WARN_COMMA = YES;
				CLANG_WARN_CONSTANT_CONVERSION = YES;
				CLANG_WARN_DEPRECATED_OBJC_IMPLEMENTATIONS = YES;
				CLANG_WARN_DIRECT_OBJC_ISA_USAGE = YES_ERROR;
				CLANG_WARN_DOCUMENTATION_COMMENTS = YES;
				CLANG_WARN_EMPTY_BODY = YES;
				CLANG_WARN_ENUM_CONVERSION = YES;
				CLANG_WARN_INFINITE_RECURSION = YES;
				CLANG_WARN_INT_CONVERSION = YES;
				CLANG_WARN_NON_LITERAL_NULL_CONVERSION = YES;
				CLANG_WARN_OBJC_IMPLICIT_RETAIN_SELF = YES;
				CLANG_WARN_OBJC_LITERAL_CONVERSION = YES;
				CLANG_WARN_OBJC_ROOT_CLASS = YES_ERROR;
				CLANG_WARN_QUOTED_INCLUDE_IN_FRAMEWORK_HEADER = YES;
				CLANG_WARN_RANGE_LOOP_ANALYSIS = YES;
				CLANG_WARN_STRICT_PROTOTYPES = YES;
				CLANG_WARN_SUSPICIOUS_MOVE = YES;
				CLANG_WARN_UNGUARDED_AVAILABILITY = YES_AGGRESSIVE;
				CLANG_WARN_UNREACHABLE_CODE = YES;
				CLANG_WARN__DUPLICATE_METHOD_MATCH = YES;
				COPY_PHASE_STRIP = NO;
				DEBUG_INFORMATION_FORMAT = "dwarf-with-dsym";
				ENABLE_NS_ASSERTIONS = NO;
				ENABLE_STRICT_OBJC_MSGSEND = YES;
				GCC_C_LANGUAGE_STANDARD = gnu11;
				GCC_NO_COMMON_BLOCKS = YES;
				GCC_WARN_64_TO_32_BIT_CONVERSION = YES;
				GCC_WARN_ABOUT_RETURN_TYPE = YES_ERROR;
				GCC_WARN_UNDECLARED_SELECTOR = YES;
				GCC_WARN_UNINITIALIZED_AUTOS = YES_AGGRESSIVE;
				GCC_WARN_UNUSED_FUNCTION = YES;
				GCC_WARN_UNUSED_VARIABLE = YES;
				IPHONEOS_DEPLOYMENT_TARGET = 15.2;
				MTL_ENABLE_DEBUG_INFO = NO;
				MTL_FAST_MATH = YES;
				SDKROOT = iphoneos;
				SWIFT_COMPILATION_MODE = wholemodule;
				SWIFT_OPTIMIZATION_LEVEL = "-O";
				VALIDATE_PRODUCT = YES;
			};
			name = Release;
		};
		134762AC282122E8002B9082 /* Debug */ = {
			isa = XCBuildConfiguration;
			buildSettings = {
				ASSETCATALOG_COMPILER_APPICON_NAME = AppIcon;
				ASSETCATALOG_COMPILER_GLOBAL_ACCENT_COLOR_NAME = AccentColor;
				CODE_SIGN_STYLE = Automatic;
				CURRENT_PROJECT_VERSION = 1;
				DEVELOPMENT_ASSET_PATHS = "\"CryptoTracker/Preview Content\"";
				DEVELOPMENT_TEAM = 36BF9P9PDN;
				ENABLE_PREVIEWS = YES;
				GENERATE_INFOPLIST_FILE = YES;
				INFOPLIST_KEY_UIApplicationSceneManifest_Generation = YES;
				INFOPLIST_KEY_UIApplicationSupportsIndirectInputEvents = YES;
				INFOPLIST_KEY_UILaunchScreen_Generation = YES;
				INFOPLIST_KEY_UISupportedInterfaceOrientations = UIInterfaceOrientationPortrait;
				INFOPLIST_KEY_UISupportedInterfaceOrientations_iPad = "UIInterfaceOrientationPortrait UIInterfaceOrientationPortraitUpsideDown UIInterfaceOrientationLandscapeLeft UIInterfaceOrientationLandscapeRight";
				INFOPLIST_KEY_UISupportedInterfaceOrientations_iPhone = "UIInterfaceOrientationPortrait UIInterfaceOrientationLandscapeLeft UIInterfaceOrientationLandscapeRight";
				IPHONEOS_DEPLOYMENT_TARGET = 14.0;
				LD_RUNPATH_SEARCH_PATHS = (
					"$(inherited)",
					"@executable_path/Frameworks",
				);
				MARKETING_VERSION = 1.0;
				PRODUCT_BUNDLE_IDENTIFIER = kien.stdio.CryptoTracker;
				PRODUCT_NAME = "$(TARGET_NAME)";
				SWIFT_EMIT_LOC_STRINGS = YES;
				SWIFT_VERSION = 5.0;
				TARGETED_DEVICE_FAMILY = "1,2";
			};
			name = Debug;
		};
		134762AD282122E8002B9082 /* Release */ = {
			isa = XCBuildConfiguration;
			buildSettings = {
				ASSETCATALOG_COMPILER_APPICON_NAME = AppIcon;
				ASSETCATALOG_COMPILER_GLOBAL_ACCENT_COLOR_NAME = AccentColor;
				CODE_SIGN_STYLE = Automatic;
				CURRENT_PROJECT_VERSION = 1;
				DEVELOPMENT_ASSET_PATHS = "\"CryptoTracker/Preview Content\"";
				DEVELOPMENT_TEAM = 36BF9P9PDN;
				ENABLE_PREVIEWS = YES;
				GENERATE_INFOPLIST_FILE = YES;
				INFOPLIST_KEY_UIApplicationSceneManifest_Generation = YES;
				INFOPLIST_KEY_UIApplicationSupportsIndirectInputEvents = YES;
				INFOPLIST_KEY_UILaunchScreen_Generation = YES;
				INFOPLIST_KEY_UISupportedInterfaceOrientations = UIInterfaceOrientationPortrait;
				INFOPLIST_KEY_UISupportedInterfaceOrientations_iPad = "UIInterfaceOrientationPortrait UIInterfaceOrientationPortraitUpsideDown UIInterfaceOrientationLandscapeLeft UIInterfaceOrientationLandscapeRight";
				INFOPLIST_KEY_UISupportedInterfaceOrientations_iPhone = "UIInterfaceOrientationPortrait UIInterfaceOrientationLandscapeLeft UIInterfaceOrientationLandscapeRight";
				IPHONEOS_DEPLOYMENT_TARGET = 14.0;
				LD_RUNPATH_SEARCH_PATHS = (
					"$(inherited)",
					"@executable_path/Frameworks",
				);
				MARKETING_VERSION = 1.0;
				PRODUCT_BUNDLE_IDENTIFIER = kien.stdio.CryptoTracker;
				PRODUCT_NAME = "$(TARGET_NAME)";
				SWIFT_EMIT_LOC_STRINGS = YES;
				SWIFT_VERSION = 5.0;
				TARGETED_DEVICE_FAMILY = "1,2";
			};
			name = Release;
		};
/* End XCBuildConfiguration section */

/* Begin XCConfigurationList section */
		13476298282122E6002B9082 /* Build configuration list for PBXProject "CryptoTracker" */ = {
			isa = XCConfigurationList;
			buildConfigurations = (
				134762A9282122E8002B9082 /* Debug */,
				134762AA282122E8002B9082 /* Release */,
			);
			defaultConfigurationIsVisible = 0;
			defaultConfigurationName = Release;
		};
		134762AB282122E8002B9082 /* Build configuration list for PBXNativeTarget "CryptoTracker" */ = {
			isa = XCConfigurationList;
			buildConfigurations = (
				134762AC282122E8002B9082 /* Debug */,
				134762AD282122E8002B9082 /* Release */,
			);
			defaultConfigurationIsVisible = 0;
			defaultConfigurationName = Release;
		};
/* End XCConfigurationList section */
	};
	rootObject = 13476295282122E6002B9082 /* Project object */;
}
